
Microsoft Visual Studio Solution File, Format Version 12.00
# Visual Studio Version 17
VisualStudioVersion = 17.11.35327.3
MinimumVisualStudioVersion = 10.0.40219.1
Project("{FAE04EC0-301F-11D3-BF4B-00C04F79EFBC}") = "WarehouseWPF.Domain", "WarehouseWPF.Domain\WarehouseWPF.Domain.csproj", "{E2C902BC-89AB-4E67-868C-AF8EE2666EE8}"
EndProject
Global
	GlobalSection(SolutionConfigurationPlatforms) = preSolution
		Debug|Any CPU = Debug|Any CPU
		Release|Any CPU = Release|Any CPU
	EndGlobalSection
	GlobalSection(ProjectConfigurationPlatforms) = postSolution
		{E2C902BC-89AB-4E67-868C-AF8EE2666EE8}.Debug|Any CPU.ActiveCfg = Debug|Any CPU
		{E2C902BC-89AB-4E67-868C-AF8EE2666EE8}.Debug|Any CPU.Build.0 = Debug|Any CPU
		{E2C902BC-89AB-4E67-868C-AF8EE2666EE8}.Release|Any CPU.ActiveCfg = Release|Any CPU
		{E2C902BC-89AB-4E67-868C-AF8EE2666EE8}.Release|Any CPU.Build.0 = Release|Any CPU
	EndGlobalSection
	GlobalSection(SolutionProperties) = preSolution
		HideSolutionNode = FALSE
	EndGlobalSection
	GlobalSection(ExtensibilityGlobals) = postSolution
		SolutionGuid = {A71413EF-49D8-40AB-9AE6-8E105BD293C7}
	EndGlobalSection
EndGlobal
